<?xml version="1.0" encoding="utf-8"?>
<Project ToolsVersion="12.0" xmlns="http://schemas.microsoft.com/developer/msbuild/2003">
  <ItemGroup>
    <CustomBuild Include="C:\Users\Emile\Documents\GitHub\SpaceGame\Box2D_v2.3.0\Box2D\CMakeLists.txt" />
    <CustomBuild Include="CMakeFiles\05a9735acde6fa7b702136bbd4c5b970\ALL_BUILD.rule">
      <Filter>CMake Rules</Filter>
    </CustomBuild>
  </ItemGroup>
  <ItemGroup>
    <None Include="CMakeFiles\ALL_BUILD" />
  </ItemGroup>
  <ItemGroup>
    <Filter Include="CMake Rules">
      <UniqueIdentifier>{6D362008-335A-4F5E-9AEC-A260E3BB93CC}</UniqueIdentifier>
    </Filter>
  </ItemGroup>
</Project>
