Microsoft Visual Studio Solution File, Format Version 12.00
# Visual Studio 2013
Project("{8BC9CEB8-8B4A-11D0-8D11-00A0C91BC942}") = "ALL_BUILD", "ALL_BUILD.vcxproj", "{FB8CEB24-F30A-4D30-8F04-EE689E17CDAB}"
	ProjectSection(ProjectDependencies) = postProject
		{5FA4BBE2-B6B0-4937-BAD2-F1B4BA2BD4C8} = {5FA4BBE2-B6B0-4937-BAD2-F1B4BA2BD4C8}
		{4C6C216D-DCF6-46FE-9441-6F33E2DE8691} = {4C6C216D-DCF6-46FE-9441-6F33E2DE8691}
		{C6F3CAE7-D0E8-4246-A6CF-5BBB4BF72E8B} = {C6F3CAE7-D0E8-4246-A6CF-5BBB4BF72E8B}
		{E46C293F-20AA-4439-955A-E0C6FAFC7DB4} = {E46C293F-20AA-4439-955A-E0C6FAFC7DB4}
		{4F996FA8-44CF-43B4-B0B2-888696BABB84} = {4F996FA8-44CF-43B4-B0B2-888696BABB84}
		{B509A41C-CA15-4D46-81D3-EDA0FC05B4A8} = {B509A41C-CA15-4D46-81D3-EDA0FC05B4A8}
	EndProjectSection
EndProject
Project("{8BC9CEB8-8B4A-11D0-8D11-00A0C91BC942}") = "Box2D", "Box2D\Box2D.vcxproj", "{5FA4BBE2-B6B0-4937-BAD2-F1B4BA2BD4C8}"
	ProjectSection(ProjectDependencies) = postProject
		{E46C293F-20AA-4439-955A-E0C6FAFC7DB4} = {E46C293F-20AA-4439-955A-E0C6FAFC7DB4}
	EndProjectSection
EndProject
Project("{8BC9CEB8-8B4A-11D0-8D11-00A0C91BC942}") = "HelloWorld", "HelloWorld\HelloWorld.vcxproj", "{4C6C216D-DCF6-46FE-9441-6F33E2DE8691}"
	ProjectSection(ProjectDependencies) = postProject
		{5FA4BBE2-B6B0-4937-BAD2-F1B4BA2BD4C8} = {5FA4BBE2-B6B0-4937-BAD2-F1B4BA2BD4C8}
		{E46C293F-20AA-4439-955A-E0C6FAFC7DB4} = {E46C293F-20AA-4439-955A-E0C6FAFC7DB4}
	EndProjectSection
EndProject
Project("{8BC9CEB8-8B4A-11D0-8D11-00A0C91BC942}") = "Testbed", "Testbed\Testbed.vcxproj", "{C6F3CAE7-D0E8-4246-A6CF-5BBB4BF72E8B}"
	ProjectSection(ProjectDependencies) = postProject
		{5FA4BBE2-B6B0-4937-BAD2-F1B4BA2BD4C8} = {5FA4BBE2-B6B0-4937-BAD2-F1B4BA2BD4C8}
		{E46C293F-20AA-4439-955A-E0C6FAFC7DB4} = {E46C293F-20AA-4439-955A-E0C6FAFC7DB4}
		{4F996FA8-44CF-43B4-B0B2-888696BABB84} = {4F996FA8-44CF-43B4-B0B2-888696BABB84}
		{B509A41C-CA15-4D46-81D3-EDA0FC05B4A8} = {B509A41C-CA15-4D46-81D3-EDA0FC05B4A8}
	EndProjectSection
EndProject
Project("{8BC9CEB8-8B4A-11D0-8D11-00A0C91BC942}") = "ZERO_CHECK", "ZERO_CHECK.vcxproj", "{E46C293F-20AA-4439-955A-E0C6FAFC7DB4}"
	ProjectSection(ProjectDependencies) = postProject
	EndProjectSection
EndProject
Project("{8BC9CEB8-8B4A-11D0-8D11-00A0C91BC942}") = "freeglut_static", "freeglut\freeglut_static.vcxproj", "{4F996FA8-44CF-43B4-B0B2-888696BABB84}"
	ProjectSection(ProjectDependencies) = postProject
		{E46C293F-20AA-4439-955A-E0C6FAFC7DB4} = {E46C293F-20AA-4439-955A-E0C6FAFC7DB4}
	EndProjectSection
EndProject
Project("{8BC9CEB8-8B4A-11D0-8D11-00A0C91BC942}") = "glui", "glui\glui.vcxproj", "{B509A41C-CA15-4D46-81D3-EDA0FC05B4A8}"
	ProjectSection(ProjectDependencies) = postProject
		{E46C293F-20AA-4439-955A-E0C6FAFC7DB4} = {E46C293F-20AA-4439-955A-E0C6FAFC7DB4}
	EndProjectSection
EndProject
Global
	GlobalSection(SolutionConfigurationPlatforms) = preSolution
		Debug|x64 = Debug|x64
		Release|x64 = Release|x64
		MinSizeRel|x64 = MinSizeRel|x64
		RelWithDebInfo|x64 = RelWithDebInfo|x64
	EndGlobalSection
	GlobalSection(ProjectConfigurationPlatforms) = postSolution
		{FB8CEB24-F30A-4D30-8F04-EE689E17CDAB}.Debug|x64.ActiveCfg = Debug|x64
		{FB8CEB24-F30A-4D30-8F04-EE689E17CDAB}.Release|x64.ActiveCfg = Release|x64
		{FB8CEB24-F30A-4D30-8F04-EE689E17CDAB}.MinSizeRel|x64.ActiveCfg = MinSizeRel|x64
		{FB8CEB24-F30A-4D30-8F04-EE689E17CDAB}.RelWithDebInfo|x64.ActiveCfg = RelWithDebInfo|x64
		{5FA4BBE2-B6B0-4937-BAD2-F1B4BA2BD4C8}.Debug|x64.ActiveCfg = Debug|x64
		{5FA4BBE2-B6B0-4937-BAD2-F1B4BA2BD4C8}.Debug|x64.Build.0 = Debug|x64
		{5FA4BBE2-B6B0-4937-BAD2-F1B4BA2BD4C8}.Release|x64.ActiveCfg = Release|x64
		{5FA4BBE2-B6B0-4937-BAD2-F1B4BA2BD4C8}.Release|x64.Build.0 = Release|x64
		{5FA4BBE2-B6B0-4937-BAD2-F1B4BA2BD4C8}.MinSizeRel|x64.ActiveCfg = MinSizeRel|x64
		{5FA4BBE2-B6B0-4937-BAD2-F1B4BA2BD4C8}.MinSizeRel|x64.Build.0 = MinSizeRel|x64
		{5FA4BBE2-B6B0-4937-BAD2-F1B4BA2BD4C8}.RelWithDebInfo|x64.ActiveCfg = RelWithDebInfo|x64
		{5FA4BBE2-B6B0-4937-BAD2-F1B4BA2BD4C8}.RelWithDebInfo|x64.Build.0 = RelWithDebInfo|x64
		{4C6C216D-DCF6-46FE-9441-6F33E2DE8691}.Debug|x64.ActiveCfg = Debug|x64
		{4C6C216D-DCF6-46FE-9441-6F33E2DE8691}.Debug|x64.Build.0 = Debug|x64
		{4C6C216D-DCF6-46FE-9441-6F33E2DE8691}.Release|x64.ActiveCfg = Release|x64
		{4C6C216D-DCF6-46FE-9441-6F33E2DE8691}.Release|x64.Build.0 = Release|x64
		{4C6C216D-DCF6-46FE-9441-6F33E2DE8691}.MinSizeRel|x64.ActiveCfg = MinSizeRel|x64
		{4C6C216D-DCF6-46FE-9441-6F33E2DE8691}.MinSizeRel|x64.Build.0 = MinSizeRel|x64
		{4C6C216D-DCF6-46FE-9441-6F33E2DE8691}.RelWithDebInfo|x64.ActiveCfg = RelWithDebInfo|x64
		{4C6C216D-DCF6-46FE-9441-6F33E2DE8691}.RelWithDebInfo|x64.Build.0 = RelWithDebInfo|x64
		{C6F3CAE7-D0E8-4246-A6CF-5BBB4BF72E8B}.Debug|x64.ActiveCfg = Debug|x64
		{C6F3CAE7-D0E8-4246-A6CF-5BBB4BF72E8B}.Debug|x64.Build.0 = Debug|x64
		{C6F3CAE7-D0E8-4246-A6CF-5BBB4BF72E8B}.Release|x64.ActiveCfg = Release|x64
		{C6F3CAE7-D0E8-4246-A6CF-5BBB4BF72E8B}.Release|x64.Build.0 = Release|x64
		{C6F3CAE7-D0E8-4246-A6CF-5BBB4BF72E8B}.MinSizeRel|x64.ActiveCfg = MinSizeRel|x64
		{C6F3CAE7-D0E8-4246-A6CF-5BBB4BF72E8B}.MinSizeRel|x64.Build.0 = MinSizeRel|x64
		{C6F3CAE7-D0E8-4246-A6CF-5BBB4BF72E8B}.RelWithDebInfo|x64.ActiveCfg = RelWithDebInfo|x64
		{C6F3CAE7-D0E8-4246-A6CF-5BBB4BF72E8B}.RelWithDebInfo|x64.Build.0 = RelWithDebInfo|x64
		{E46C293F-20AA-4439-955A-E0C6FAFC7DB4}.Debug|x64.ActiveCfg = Debug|x64
		{E46C293F-20AA-4439-955A-E0C6FAFC7DB4}.Debug|x64.Build.0 = Debug|x64
		{E46C293F-20AA-4439-955A-E0C6FAFC7DB4}.Release|x64.ActiveCfg = Release|x64
		{E46C293F-20AA-4439-955A-E0C6FAFC7DB4}.Release|x64.Build.0 = Release|x64
		{E46C293F-20AA-4439-955A-E0C6FAFC7DB4}.MinSizeRel|x64.ActiveCfg = MinSizeRel|x64
		{E46C293F-20AA-4439-955A-E0C6FAFC7DB4}.MinSizeRel|x64.Build.0 = MinSizeRel|x64
		{E46C293F-20AA-4439-955A-E0C6FAFC7DB4}.RelWithDebInfo|x64.ActiveCfg = RelWithDebInfo|x64
		{E46C293F-20AA-4439-955A-E0C6FAFC7DB4}.RelWithDebInfo|x64.Build.0 = RelWithDebInfo|x64
		{4F996FA8-44CF-43B4-B0B2-888696BABB84}.Debug|x64.ActiveCfg = Debug|x64
		{4F996FA8-44CF-43B4-B0B2-888696BABB84}.Debug|x64.Build.0 = Debug|x64
		{4F996FA8-44CF-43B4-B0B2-888696BABB84}.Release|x64.ActiveCfg = Release|x64
		{4F996FA8-44CF-43B4-B0B2-888696BABB84}.Release|x64.Build.0 = Release|x64
		{4F996FA8-44CF-43B4-B0B2-888696BABB84}.MinSizeRel|x64.ActiveCfg = MinSizeRel|x64
		{4F996FA8-44CF-43B4-B0B2-888696BABB84}.MinSizeRel|x64.Build.0 = MinSizeRel|x64
		{4F996FA8-44CF-43B4-B0B2-888696BABB84}.RelWithDebInfo|x64.ActiveCfg = RelWithDebInfo|x64
		{4F996FA8-44CF-43B4-B0B2-888696BABB84}.RelWithDebInfo|x64.Build.0 = RelWithDebInfo|x64
		{B509A41C-CA15-4D46-81D3-EDA0FC05B4A8}.Debug|x64.ActiveCfg = Debug|x64
		{B509A41C-CA15-4D46-81D3-EDA0FC05B4A8}.Debug|x64.Build.0 = Debug|x64
		{B509A41C-CA15-4D46-81D3-EDA0FC05B4A8}.Release|x64.ActiveCfg = Release|x64
		{B509A41C-CA15-4D46-81D3-EDA0FC05B4A8}.Release|x64.Build.0 = Release|x64
		{B509A41C-CA15-4D46-81D3-EDA0FC05B4A8}.MinSizeRel|x64.ActiveCfg = MinSizeRel|x64
		{B509A41C-CA15-4D46-81D3-EDA0FC05B4A8}.MinSizeRel|x64.Build.0 = MinSizeRel|x64
		{B509A41C-CA15-4D46-81D3-EDA0FC05B4A8}.RelWithDebInfo|x64.ActiveCfg = RelWithDebInfo|x64
		{B509A41C-CA15-4D46-81D3-EDA0FC05B4A8}.RelWithDebInfo|x64.Build.0 = RelWithDebInfo|x64
	EndGlobalSection
	GlobalSection(ExtensibilityGlobals) = postSolution
	EndGlobalSection
	GlobalSection(ExtensibilityAddIns) = postSolution
	EndGlobalSection
EndGlobal
